<?xml version="1.0" encoding="utf-8"?>
<Project ToolsVersion="4.0" xmlns="http://schemas.microsoft.com/developer/msbuild/2003">
  <ItemGroup>
    <Filter Include="Source Files">
      <UniqueIdentifier>{4FC737F1-C7A5-4376-A066-2A32D752A2FF}</UniqueIdentifier>
      <Extensions>cpp;c;cc;cxx;c++;cppm;ixx;def;odl;idl;hpj;bat;asm;asmx</Extensions>
    </Filter>
    <Filter Include="Header Files">
      <UniqueIdentifier>{93995380-89BD-4b04-88EB-625FBE52EBFB}</UniqueIdentifier>
      <Extensions>h;hh;hpp;hxx;h++;hm;inl;inc;ipp;xsd</Extensions>
    </Filter>
    <Filter Include="Resource Files">
      <UniqueIdentifier>{67DA6AB6-F800-4c08-8B7A-83BB121AAD01}</UniqueIdentifier>
      <Extensions>rc;ico;cur;bmp;dlg;rc2;rct;bin;rgs;gif;jpg;jpeg;jpe;resx;tiff;tif;png;wav;mfcribbon-ms</Extensions>
    </Filter>
    <Filter Include="Header Files\3rdParty">
      <UniqueIdentifier>{b755af44-bad3-4876-9580-0541188d315e}</UniqueIdentifier>
    </Filter>
    <Filter Include="Header Files\3rdParty\nlohmann">
      <UniqueIdentifier>{da686062-eabf-426b-b39b-af2a5cf3154a}</UniqueIdentifier>
    </Filter>
    <Filter Include="Header Files\WolfRPG">
      <UniqueIdentifier>{c0368209-5b7d-4b3e-8f6a-2fe717501843}</UniqueIdentifier>
    </Filter>
  </ItemGroup>
  <ItemGroup>
    <ClCompile Include="WolfSave.cpp">
      <Filter>Source Files</Filter>
    </ClCompile>
  </ItemGroup>
  <ItemGroup>
    <ClInclude Include="FileWalker.h">
      <Filter>Header Files</Filter>
    </ClInclude>
    <ClInclude Include="Utils.h">
      <Filter>Header Files</Filter>
    </ClInclude>
    <ClInclude Include="MemData.h">
      <Filter>Header Files</Filter>
    </ClInclude>
    <ClInclude Include="WolfSaveParser.h">
      <Filter>Header Files</Filter>
    </ClInclude>
    <ClInclude Include="Types.h">
      <Filter>Header Files</Filter>
    </ClInclude>
    <ClInclude Include="SavePart1.h">
      <Filter>Header Files</Filter>
    </ClInclude>
    <ClInclude Include="SavePart2.h">
      <Filter>Header Files</Filter>
    </ClInclude>
    <ClInclude Include="SavePart3.h">
      <Filter>Header Files</Filter>
    </ClInclude>
    <ClInclude Include="SavePart4.h">
      <Filter>Header Files</Filter>
    </ClInclude>
    <ClInclude Include="SavePart5.h">
      <Filter>Header Files</Filter>
    </ClInclude>
    <ClInclude Include="VariableDatabase.h">
      <Filter>Header Files</Filter>
    </ClInclude>
    <ClInclude Include="SavePart7.h">
      <Filter>Header Files</Filter>
    </ClInclude>
    <ClInclude Include="SaveBase.h">
      <Filter>Header Files</Filter>
    </ClInclude>
    <ClInclude Include="3rdParty\nlohmann\json.hpp">
      <Filter>Header Files\3rdParty\nlohmann</Filter>
    </ClInclude>
    <ClInclude Include="JsonDumper.h">
      <Filter>Header Files</Filter>
    </ClInclude>
    <ClInclude Include="JsonReader.h">
      <Filter>Header Files</Filter>
    </ClInclude>
    <ClInclude Include="FileWriter.h">
      <Filter>Header Files</Filter>
    </ClInclude>
    <ClInclude Include="Database.h">
      <Filter>Header Files\WolfRPG</Filter>
    </ClInclude>
  </ItemGroup>
</Project>